
Microsoft Visual Studio Solution File, Format Version 12.00
# Visual Studio Version 17
VisualStudioVersion = 17.4.33122.133
MinimumVisualStudioVersion = 10.0.40219.1
Project("{9A19103F-16F7-4668-BE54-9A1E7A4F7556}") = "WebAPI", "WebAPI\WebAPI.csproj", "{688EFA86-9788-48BD-AF10-0000AEBBA808}"
EndProject
Project("{9A19103F-16F7-4668-BE54-9A1E7A4F7556}") = "Data", "Data\Data.csproj", "{3BF27425-9FBD-474F-BACA-5A3C928FE387}"
EndProject
Project("{9A19103F-16F7-4668-BE54-9A1E7A4F7556}") = "MessageQueues", "MessageQueues\MessageQueues.csproj", "{35FE8C9C-885E-4601-A0A2-7FBA7F475D04}"
EndProject
Project("{FAE04EC0-301F-11D3-BF4B-00C04F79EFBC}") = "WebSocket", "WebSocket\WebSocket.csproj", "{6E9C6162-962B-4B2F-959D-EBA9363D109F}"
EndProject
Project("{E53339B2-1760-4266-BCC7-CA923CBCF16C}") = "docker-compose", "docker-compose.dcproj", "{3C495011-34A1-412A-A3B2-9DBA532D9214}"
EndProject
Global
	GlobalSection(SolutionConfigurationPlatforms) = preSolution
		Debug|Any CPU = Debug|Any CPU
		Release|Any CPU = Release|Any CPU
	EndGlobalSection
	GlobalSection(ProjectConfigurationPlatforms) = postSolution
		{688EFA86-9788-48BD-AF10-0000AEBBA808}.Debug|Any CPU.ActiveCfg = Debug|Any CPU
		{688EFA86-9788-48BD-AF10-0000AEBBA808}.Debug|Any CPU.Build.0 = Debug|Any CPU
		{688EFA86-9788-48BD-AF10-0000AEBBA808}.Release|Any CPU.ActiveCfg = Release|Any CPU
		{688EFA86-9788-48BD-AF10-0000AEBBA808}.Release|Any CPU.Build.0 = Release|Any CPU
		{3BF27425-9FBD-474F-BACA-5A3C928FE387}.Debug|Any CPU.ActiveCfg = Debug|Any CPU
		{3BF27425-9FBD-474F-BACA-5A3C928FE387}.Debug|Any CPU.Build.0 = Debug|Any CPU
		{3BF27425-9FBD-474F-BACA-5A3C928FE387}.Release|Any CPU.ActiveCfg = Release|Any CPU
		{3BF27425-9FBD-474F-BACA-5A3C928FE387}.Release|Any CPU.Build.0 = Release|Any CPU
		{35FE8C9C-885E-4601-A0A2-7FBA7F475D04}.Debug|Any CPU.ActiveCfg = Debug|Any CPU
		{35FE8C9C-885E-4601-A0A2-7FBA7F475D04}.Debug|Any CPU.Build.0 = Debug|Any CPU
		{35FE8C9C-885E-4601-A0A2-7FBA7F475D04}.Release|Any CPU.ActiveCfg = Release|Any CPU
		{35FE8C9C-885E-4601-A0A2-7FBA7F475D04}.Release|Any CPU.Build.0 = Release|Any CPU
		{6E9C6162-962B-4B2F-959D-EBA9363D109F}.Debug|Any CPU.ActiveCfg = Debug|Any CPU
		{6E9C6162-962B-4B2F-959D-EBA9363D109F}.Debug|Any CPU.Build.0 = Debug|Any CPU
		{6E9C6162-962B-4B2F-959D-EBA9363D109F}.Release|Any CPU.ActiveCfg = Release|Any CPU
		{6E9C6162-962B-4B2F-959D-EBA9363D109F}.Release|Any CPU.Build.0 = Release|Any CPU
		{3C495011-34A1-412A-A3B2-9DBA532D9214}.Debug|Any CPU.ActiveCfg = Debug|Any CPU
		{3C495011-34A1-412A-A3B2-9DBA532D9214}.Debug|Any CPU.Build.0 = Debug|Any CPU
		{3C495011-34A1-412A-A3B2-9DBA532D9214}.Release|Any CPU.ActiveCfg = Release|Any CPU
		{3C495011-34A1-412A-A3B2-9DBA532D9214}.Release|Any CPU.Build.0 = Release|Any CPU
	EndGlobalSection
	GlobalSection(SolutionProperties) = preSolution
		HideSolutionNode = FALSE
	EndGlobalSection
	GlobalSection(ExtensibilityGlobals) = postSolution
		SolutionGuid = {9B1A0364-8FA3-4FA4-87A8-1E248C6AD776}
	EndGlobalSection
EndGlobal
